
Microsoft Visual Studio Solution File, Format Version 12.00
# Visual Studio Version 16
VisualStudioVersion = 16.0.30128.36
MinimumVisualStudioVersion = 10.0.40219.1
Project("{FAE04EC0-301F-11D3-BF4B-00C04F79EFBC}") = "BlazorAppWasm.Server", "Server\BlazorAppWasm.Server.csproj", "{1FB358C4-99E4-4584-BE82-7CF6882C3C68}"
EndProject
Project("{FAE04EC0-301F-11D3-BF4B-00C04F79EFBC}") = "BlazorAppWasm.Client", "Client\BlazorAppWasm.Client.csproj", "{A1BB31B9-B711-43A1-9EC3-CF51CDA9ACA0}"
EndProject
Project("{FAE04EC0-301F-11D3-BF4B-00C04F79EFBC}") = "BlazorAppWasm.Shared", "Shared\BlazorAppWasm.Shared.csproj", "{4275B0EF-6B19-4162-B621-81262FC0B595}"
EndProject
Global
	GlobalSection(SolutionConfigurationPlatforms) = preSolution
		Debug|Any CPU = Debug|Any CPU
		Release|Any CPU = Release|Any CPU
	EndGlobalSection
	GlobalSection(ProjectConfigurationPlatforms) = postSolution
		{1FB358C4-99E4-4584-BE82-7CF6882C3C68}.Debug|Any CPU.ActiveCfg = Debug|Any CPU
		{1FB358C4-99E4-4584-BE82-7CF6882C3C68}.Debug|Any CPU.Build.0 = Debug|Any CPU
		{1FB358C4-99E4-4584-BE82-7CF6882C3C68}.Release|Any CPU.ActiveCfg = Release|Any CPU
		{1FB358C4-99E4-4584-BE82-7CF6882C3C68}.Release|Any CPU.Build.0 = Release|Any CPU
		{A1BB31B9-B711-43A1-9EC3-CF51CDA9ACA0}.Debug|Any CPU.ActiveCfg = Debug|Any CPU
		{A1BB31B9-B711-43A1-9EC3-CF51CDA9ACA0}.Debug|Any CPU.Build.0 = Debug|Any CPU
		{A1BB31B9-B711-43A1-9EC3-CF51CDA9ACA0}.Release|Any CPU.ActiveCfg = Release|Any CPU
		{A1BB31B9-B711-43A1-9EC3-CF51CDA9ACA0}.Release|Any CPU.Build.0 = Release|Any CPU
		{4275B0EF-6B19-4162-B621-81262FC0B595}.Debug|Any CPU.ActiveCfg = Debug|Any CPU
		{4275B0EF-6B19-4162-B621-81262FC0B595}.Debug|Any CPU.Build.0 = Debug|Any CPU
		{4275B0EF-6B19-4162-B621-81262FC0B595}.Release|Any CPU.ActiveCfg = Release|Any CPU
		{4275B0EF-6B19-4162-B621-81262FC0B595}.Release|Any CPU.Build.0 = Release|Any CPU
	EndGlobalSection
	GlobalSection(SolutionProperties) = preSolution
		HideSolutionNode = FALSE
	EndGlobalSection
	GlobalSection(ExtensibilityGlobals) = postSolution
		SolutionGuid = {F7FACD91-2926-4EC1-9D04-1B794A1A4DA2}
	EndGlobalSection
EndGlobal
